# This file is autogenerated, do not edit; changes may be undone by the next 'dep ensure'.


[[projects]]
  branch = "master"
  name = "github.com/chzyer/readline"
  packages = ["."]
  revision = "f6d7a1f6fbf35bbf9beb80dc63c56a29dcfb759f"

[[projects]]
  branch = "master"
  name = "github.com/juju/ansiterm"
  packages = [
    ".",
    "tabwriter"
  ]
  revision = "720a0952cc2ac777afc295d9861263e2a4cf96a1"

[[projects]]
  branch = "master"
  name = "github.com/lunixbochs/vtclean"
  packages = ["."]
  revision = "d14193dfc626125c831501c1c42340b4248e1f5a"

[[projects]]
  name = "github.com/manifoldco/promptui"
  packages = [
    ".",
    "list",
    "screenbuf"
  ]
  revision = "f6438f6153008ee1b9ba5446d5333bbe63b622b7"
  version = "v0.2.1"

[[projects]]
  name = "github.com/mattn/go-colorable"
  packages = ["."]
  revision = "167de6bfdfba052fa6b2d3664c8f5272e23c9072"
  version = "v0.0.9"

[[projects]]
  name = "github.com/mattn/go-isatty"
  packages = ["."]
  revision = "0360b2af4f38e8d38c7fce2a9f4e702702d73a39"
  version = "v0.0.3"

[[projects]]
  branch = "master"
  name = "golang.org/x/sys"
  packages = ["unix"]
  revision = "7c87d13f8e835d2fb3a70a2912c811ed0c1d241b"

[solve-meta]
  analyzer-name = "dep"
  analyzer-version = 1
  inputs-digest = "cf91849954be7c3fae75bdd76d47e30e3722e6f17661cadf45058fc4d1a70b3c"
  solver-name = "gps-cdcl"
  solver-version = 1
